
Microsoft Visual Studio Solution File, Format Version 12.00
# Visual Studio Version 16
VisualStudioVersion = 16.0.30309.148
MinimumVisualStudioVersion = 10.0.40219.1
Project("{FAE04EC0-301F-11D3-BF4B-00C04F79EFBC}") = "WepAPP", "WepAPP\WepAPP.csproj", "{F7E039D9-4884-4253-989A-356544E561BF}"
EndProject
Global
	GlobalSection(SolutionConfigurationPlatforms) = preSolution
		Debug|Any CPU = Debug|Any CPU
		Release|Any CPU = Release|Any CPU
	EndGlobalSection
	GlobalSection(ProjectConfigurationPlatforms) = postSolution
		{F7E039D9-4884-4253-989A-356544E561BF}.Debug|Any CPU.ActiveCfg = Debug|Any CPU
		{F7E039D9-4884-4253-989A-356544E561BF}.Debug|Any CPU.Build.0 = Debug|Any CPU
		{F7E039D9-4884-4253-989A-356544E561BF}.Release|Any CPU.ActiveCfg = Release|Any CPU
		{F7E039D9-4884-4253-989A-356544E561BF}.Release|Any CPU.Build.0 = Release|Any CPU
	EndGlobalSection
	GlobalSection(SolutionProperties) = preSolution
		HideSolutionNode = FALSE
	EndGlobalSection
	GlobalSection(ExtensibilityGlobals) = postSolution
		SolutionGuid = {7501C76A-E9A4-487E-8B16-F2D9322E1613}
	EndGlobalSection
EndGlobal
